
Microsoft Visual Studio Solution File, Format Version 12.00
# Visual Studio Version 16
VisualStudioVersion = 16.0.30523.141
MinimumVisualStudioVersion = 10.0.40219.1
Project("{FAE04EC0-301F-11D3-BF4B-00C04F79EFBC}") = "APINumero", "APINumero\APINumero.csproj", "{AD463BF9-8B42-4542-A36D-69DF2228E836}"
EndProject
Global
	GlobalSection(SolutionConfigurationPlatforms) = preSolution
		Debug|Any CPU = Debug|Any CPU
		Release|Any CPU = Release|Any CPU
	EndGlobalSection
	GlobalSection(ProjectConfigurationPlatforms) = postSolution
		{AD463BF9-8B42-4542-A36D-69DF2228E836}.Debug|Any CPU.ActiveCfg = Debug|Any CPU
		{AD463BF9-8B42-4542-A36D-69DF2228E836}.Debug|Any CPU.Build.0 = Debug|Any CPU
		{AD463BF9-8B42-4542-A36D-69DF2228E836}.Release|Any CPU.ActiveCfg = Release|Any CPU
		{AD463BF9-8B42-4542-A36D-69DF2228E836}.Release|Any CPU.Build.0 = Release|Any CPU
	EndGlobalSection
	GlobalSection(SolutionProperties) = preSolution
		HideSolutionNode = FALSE
	EndGlobalSection
	GlobalSection(ExtensibilityGlobals) = postSolution
		SolutionGuid = {F541D353-BE17-4A27-99B2-A67DF88496B5}
	EndGlobalSection
EndGlobal
